
Microsoft Visual Studio Solution File, Format Version 12.00
# Visual Studio 15
VisualStudioVersion = 15.0.28307.102
MinimumVisualStudioVersion = 10.0.40219.1
Project("{FAE04EC0-301F-11D3-BF4B-00C04F79EFBC}") = "FlyweightPattern", "FlyweightPattern\FlyweightPattern.csproj", "{29CD43E3-73C3-4BF9-A1E7-E01A23FEFBF6}"
EndProject
Global
	GlobalSection(SolutionConfigurationPlatforms) = preSolution
		Debug|Any CPU = Debug|Any CPU
		Release|Any CPU = Release|Any CPU
	EndGlobalSection
	GlobalSection(ProjectConfigurationPlatforms) = postSolution
		{29CD43E3-73C3-4BF9-A1E7-E01A23FEFBF6}.Debug|Any CPU.ActiveCfg = Debug|Any CPU
		{29CD43E3-73C3-4BF9-A1E7-E01A23FEFBF6}.Debug|Any CPU.Build.0 = Debug|Any CPU
		{29CD43E3-73C3-4BF9-A1E7-E01A23FEFBF6}.Release|Any CPU.ActiveCfg = Release|Any CPU
		{29CD43E3-73C3-4BF9-A1E7-E01A23FEFBF6}.Release|Any CPU.Build.0 = Release|Any CPU
	EndGlobalSection
	GlobalSection(SolutionProperties) = preSolution
		HideSolutionNode = FALSE
	EndGlobalSection
	GlobalSection(ExtensibilityGlobals) = postSolution
		SolutionGuid = {7295E598-32A3-451C-87A4-20374B24C419}
	EndGlobalSection
EndGlobal
